// !$*UTF8*$!
{
	archiveVersion = 1;
	classes = {
	};
	objectVersion = 50;
	objects = {

/* Begin PBXBuildFile section */
		65F9D4C621FD78BF000C11A4 /* AppDelegate.swift in Sources */ = {isa = PBXBuildFile; fileRef = 65F9D4C521FD78BF000C11A4 /* AppDelegate.swift */; };
		65F9D4C821FD78BF000C11A4 /* ViewController.swift in Sources */ = {isa = PBXBuildFile; fileRef = 65F9D4C721FD78BF000C11A4 /* ViewController.swift */; };
		65F9D4CB21FD78BF000C11A4 /* Main.storyboard in Resources */ = {isa = PBXBuildFile; fileRef = 65F9D4C921FD78BF000C11A4 /* Main.storyboard */; };
		65F9D4CE21FD78BF000C11A4 /* _14_UICollectionView.xcdatamodeld in Sources */ = {isa = PBXBuildFile; fileRef = 65F9D4CC21FD78BF000C11A4 /* _14_UICollectionView.xcdatamodeld */; };
		65F9D4D021FD78C0000C11A4 /* Assets.xcassets in Resources */ = {isa = PBXBuildFile; fileRef = 65F9D4CF21FD78C0000C11A4 /* Assets.xcassets */; };
		65F9D4D321FD78C0000C11A4 /* LaunchScreen.storyboard in Resources */ = {isa = PBXBuildFile; fileRef = 65F9D4D121FD78C0000C11A4 /* LaunchScreen.storyboard */; };
		65F9D4DE21FD78C0000C11A4 /* _14_UICollectionViewTests.swift in Sources */ = {isa = PBXBuildFile; fileRef = 65F9D4DD21FD78C0000C11A4 /* _14_UICollectionViewTests.swift */; };
		65F9D4E921FD78C0000C11A4 /* _14_UICollectionViewUITests.swift in Sources */ = {isa = PBXBuildFile; fileRef = 65F9D4E821FD78C0000C11A4 /* _14_UICollectionViewUITests.swift */; };
/* End PBXBuildFile section */

/* Begin PBXContainerItemProxy section */
		65F9D4DA21FD78C0000C11A4 /* PBXContainerItemProxy */ = {
			isa = PBXContainerItemProxy;
			containerPortal = 65F9D4BA21FD78BF000C11A4 /* Project object */;
			proxyType = 1;
			remoteGlobalIDString = 65F9D4C121FD78BF000C11A4;
			remoteInfo = "014-UICollectionView";
		};
		65F9D4E521FD78C0000C11A4 /* PBXContainerItemProxy */ = {
			isa = PBXContainerItemProxy;
			containerPortal = 65F9D4BA21FD78BF000C11A4 /* Project object */;
			proxyType = 1;
			remoteGlobalIDString = 65F9D4C121FD78BF000C11A4;
			remoteInfo = "014-UICollectionView";
		};
/* End PBXContainerItemProxy section */

/* Begin PBXFileReference section */
		65F9D4C221FD78BF000C11A4 /* 014-UICollectionView.app */ = {isa = PBXFileReference; explicitFileType = wrapper.application; includeInIndex = 0; path = "014-UICollectionView.app"; sourceTree = BUILT_PRODUCTS_DIR; };
		65F9D4C521FD78BF000C11A4 /* AppDelegate.swift */ = {isa = PBXFileReference; lastKnownFileType = sourcecode.swift; path = AppDelegate.swift; sourceTree = "<group>"; };
		65F9D4C721FD78BF000C11A4 /* ViewController.swift */ = {isa = PBXFileReference; lastKnownFileType = sourcecode.swift; path = ViewController.swift; sourceTree = "<group>"; };
		65F9D4CA21FD78BF000C11A4 /* Base */ = {isa = PBXFileReference; lastKnownFileType = file.storyboard; name = Base; path = Base.lproj/Main.storyboard; sourceTree = "<group>"; };
		65F9D4CD21FD78BF000C11A4 /* _14_UICollectionView.xcdatamodel */ = {isa = PBXFileReference; lastKnownFileType = wrapper.xcdatamodel; path = _14_UICollectionView.xcdatamodel; sourceTree = "<group>"; };
		65F9D4CF21FD78C0000C11A4 /* Assets.xcassets */ = {isa = PBXFileReference; lastKnownFileType = folder.assetcatalog; path = Assets.xcassets; sourceTree = "<group>"; };
		65F9D4D221FD78C0000C11A4 /* Base */ = {isa = PBXFileReference; lastKnownFileType = file.storyboard; name = Base; path = Base.lproj/LaunchScreen.storyboard; sourceTree = "<group>"; };
		65F9D4D421FD78C0000C11A4 /* Info.plist */ = {isa = PBXFileReference; lastKnownFileType = text.plist.xml; path = Info.plist; sourceTree = "<group>"; };
		65F9D4D921FD78C0000C11A4 /* 014-UICollectionViewTests.xctest */ = {isa = PBXFileReference; explicitFileType = wrapper.cfbundle; includeInIndex = 0; path = "014-UICollectionViewTests.xctest"; sourceTree = BUILT_PRODUCTS_DIR; };
		65F9D4DD21FD78C0000C11A4 /* _14_UICollectionViewTests.swift */ = {isa = PBXFileReference; lastKnownFileType = sourcecode.swift; path = _14_UICollectionViewTests.swift; sourceTree = "<group>"; };
		65F9D4DF21FD78C0000C11A4 /* Info.plist */ = {isa = PBXFileReference; lastKnownFileType = text.plist.xml; path = Info.plist; sourceTree = "<group>"; };
		65F9D4E421FD78C0000C11A4 /* 014-UICollectionViewUITests.xctest */ = {isa = PBXFileReference; explicitFileType = wrapper.cfbundle; includeInIndex = 0; path = "014-UICollectionViewUITests.xctest"; sourceTree = BUILT_PRODUCTS_DIR; };
		65F9D4E821FD78C0000C11A4 /* _14_UICollectionViewUITests.swift */ = {isa = PBXFileReference; lastKnownFileType = sourcecode.swift; path = _14_UICollectionViewUITests.swift; sourceTree = "<group>"; };
		65F9D4EA21FD78C0000C11A4 /* Info.plist */ = {isa = PBXFileReference; lastKnownFileType = text.plist.xml; path = Info.plist; sourceTree = "<group>"; };
/* End PBXFileReference section */

/* Begin PBXFrameworksBuildPhase section */
		65F9D4BF21FD78BF000C11A4 /* Frameworks */ = {
			isa = PBXFrameworksBuildPhase;
			buildActionMask = 2147483647;
			files = (
			);
			runOnlyForDeploymentPostprocessing = 0;
		};
		65F9D4D621FD78C0000C11A4 /* Frameworks */ = {
			isa = PBXFrameworksBuildPhase;
			buildActionMask = 2147483647;
			files = (
			);
			runOnlyForDeploymentPostprocessing = 0;
		};
		65F9D4E121FD78C0000C11A4 /* Frameworks */ = {
			isa = PBXFrameworksBuildPhase;
			buildActionMask = 2147483647;
			files = (
			);
			runOnlyForDeploymentPostprocessing = 0;
		};
/* End PBXFrameworksBuildPhase section */

/* Begin PBXGroup section */
		65F9D4B921FD78BF000C11A4 = {
			isa = PBXGroup;
			children = (
				65F9D4C421FD78BF000C11A4 /* 014-UICollectionView */,
				65F9D4DC21FD78C0000C11A4 /* 014-UICollectionViewTests */,
				65F9D4E721FD78C0000C11A4 /* 014-UICollectionViewUITests */,
				65F9D4C321FD78BF000C11A4 /* Products */,
			);
			sourceTree = "<group>";
		};
		65F9D4C321FD78BF000C11A4 /* Products */ = {
			isa = PBXGroup;
			children = (
				65F9D4C221FD78BF000C11A4 /* 014-UICollectionView.app */,
				65F9D4D921FD78C0000C11A4 /* 014-UICollectionViewTests.xctest */,
				65F9D4E421FD78C0000C11A4 /* 014-UICollectionViewUITests.xctest */,
			);
			name = Products;
			sourceTree = "<group>";
		};
		65F9D4C421FD78BF000C11A4 /* 014-UICollectionView */ = {
			isa = PBXGroup;
			children = (
				65F9D4C521FD78BF000C11A4 /* AppDelegate.swift */,
				65F9D4C721FD78BF000C11A4 /* ViewController.swift */,
				65F9D4C921FD78BF000C11A4 /* Main.storyboard */,
				65F9D4CF21FD78C0000C11A4 /* Assets.xcassets */,
				65F9D4D121FD78C0000C11A4 /* LaunchScreen.storyboard */,
				65F9D4D421FD78C0000C11A4 /* Info.plist */,
				65F9D4CC21FD78BF000C11A4 /* _14_UICollectionView.xcdatamodeld */,
			);
			path = "014-UICollectionView";
			sourceTree = "<group>";
		};
		65F9D4DC21FD78C0000C11A4 /* 014-UICollectionViewTests */ = {
			isa = PBXGroup;
			children = (
				65F9D4DD21FD78C0000C11A4 /* _14_UICollectionViewTests.swift */,
				65F9D4DF21FD78C0000C11A4 /* Info.plist */,
			);
			path = "014-UICollectionViewTests";
			sourceTree = "<group>";
		};
		65F9D4E721FD78C0000C11A4 /* 014-UICollectionViewUITests */ = {
			isa = PBXGroup;
			children = (
				65F9D4E821FD78C0000C11A4 /* _14_UICollectionViewUITests.swift */,
				65F9D4EA21FD78C0000C11A4 /* Info.plist */,
			);
			path = "014-UICollectionViewUITests";
			sourceTree = "<group>";
		};
/* End PBXGroup section */

/* Begin PBXNativeTarget section */
		65F9D4C121FD78BF000C11A4 /* 014-UICollectionView */ = {
			isa = PBXNativeTarget;
			buildConfigurationList = 65F9D4ED21FD78C0000C11A4 /* Build configuration list for PBXNativeTarget "014-UICollectionView" */;
			buildPhases = (
				65F9D4BE21FD78BF000C11A4 /* Sources */,
				65F9D4BF21FD78BF000C11A4 /* Frameworks */,
				65F9D4C021FD78BF000C11A4 /* Resources */,
			);
			buildRules = (
			);
			dependencies = (
			);
			name = "014-UICollectionView";
			productName = "014-UICollectionView";
			productReference = 65F9D4C221FD78BF000C11A4 /* 014-UICollectionView.app */;
			productType = "com.apple.product-type.application";
		};
		65F9D4D821FD78C0000C11A4 /* 014-UICollectionViewTests */ = {
			isa = PBXNativeTarget;
			buildConfigurationList = 65F9D4F021FD78C0000C11A4 /* Build configuration list for PBXNativeTarget "014-UICollectionViewTests" */;
			buildPhases = (
				65F9D4D521FD78C0000C11A4 /* Sources */,
				65F9D4D621FD78C0000C11A4 /* Frameworks */,
				65F9D4D721FD78C0000C11A4 /* Resources */,
			);
			buildRules = (
			);
			dependencies = (
				65F9D4DB21FD78C0000C11A4 /* PBXTargetDependency */,
			);
			name = "014-UICollectionViewTests";
			productName = "014-UICollectionViewTests";
			productReference = 65F9D4D921FD78C0000C11A4 /* 014-UICollectionViewTests.xctest */;
			productType = "com.apple.product-type.bundle.unit-test";
		};
		65F9D4E321FD78C0000C11A4 /* 014-UICollectionViewUITests */ = {
			isa = PBXNativeTarget;
			buildConfigurationList = 65F9D4F321FD78C0000C11A4 /* Build configuration list for PBXNativeTarget "014-UICollectionViewUITests" */;
			buildPhases = (
				65F9D4E021FD78C0000C11A4 /* Sources */,
				65F9D4E121FD78C0000C11A4 /* Frameworks */,
				65F9D4E221FD78C0000C11A4 /* Resources */,
			);
			buildRules = (
			);
			dependencies = (
				65F9D4E621FD78C0000C11A4 /* PBXTargetDependency */,
			);
			name = "014-UICollectionViewUITests";
			productName = "014-UICollectionViewUITests";
			productReference = 65F9D4E421FD78C0000C11A4 /* 014-UICollectionViewUITests.xctest */;
			productType = "com.apple.product-type.bundle.ui-testing";
		};
/* End PBXNativeTarget section */

/* Begin PBXProject section */
		65F9D4BA21FD78BF000C11A4 /* Project object */ = {
			isa = PBXProject;
			attributes = {
				LastSwiftUpdateCheck = 1010;
				LastUpgradeCheck = 1010;
				ORGANIZATIONNAME = com.ihuxu.ios.swift.learning.9cc1852b;
				TargetAttributes = {
					65F9D4C121FD78BF000C11A4 = {
						CreatedOnToolsVersion = 10.1;
					};
					65F9D4D821FD78C0000C11A4 = {
						CreatedOnToolsVersion = 10.1;
						TestTargetID = 65F9D4C121FD78BF000C11A4;
					};
					65F9D4E321FD78C0000C11A4 = {
						CreatedOnToolsVersion = 10.1;
						TestTargetID = 65F9D4C121FD78BF000C11A4;
					};
				};
			};
			buildConfigurationList = 65F9D4BD21FD78BF000C11A4 /* Build configuration list for PBXProject "014-UICollectionView" */;
			compatibilityVersion = "Xcode 9.3";
			developmentRegion = en;
			hasScannedForEncodings = 0;
			knownRegions = (
				en,
				Base,
			);
			mainGroup = 65F9D4B921FD78BF000C11A4;
			productRefGroup = 65F9D4C321FD78BF000C11A4 /* Products */;
			projectDirPath = "";
			projectRoot = "";
			targets = (
				65F9D4C121FD78BF000C11A4 /* 014-UICollectionView */,
				65F9D4D821FD78C0000C11A4 /* 014-UICollectionViewTests */,
				65F9D4E321FD78C0000C11A4 /* 014-UICollectionViewUITests */,
			);
		};
/* End PBXProject section */

/* Begin PBXResourcesBuildPhase section */
		65F9D4C021FD78BF000C11A4 /* Resources */ = {
			isa = PBXResourcesBuildPhase;
			buildActionMask = 2147483647;
			files = (
				65F9D4D321FD78C0000C11A4 /* LaunchScreen.storyboard in Resources */,
				65F9D4D021FD78C0000C11A4 /* Assets.xcassets in Resources */,
				65F9D4CB21FD78BF000C11A4 /* Main.storyboard in Resources */,
			);
			runOnlyForDeploymentPostprocessing = 0;
		};
		65F9D4D721FD78C0000C11A4 /* Resources */ = {
			isa = PBXResourcesBuildPhase;
			buildActionMask = 2147483647;
			files = (
			);
			runOnlyForDeploymentPostprocessing = 0;
		};
		65F9D4E221FD78C0000C11A4 /* Resources */ = {
			isa = PBXResourcesBuildPhase;
			buildActionMask = 2147483647;
			files = (
			);
			runOnlyForDeploymentPostprocessing = 0;
		};
/* End PBXResourcesBuildPhase section */

/* Begin PBXSourcesBuildPhase section */
		65F9D4BE21FD78BF000C11A4 /* Sources */ = {
			isa = PBXSourcesBuildPhase;
			buildActionMask = 2147483647;
			files = (
				65F9D4C821FD78BF000C11A4 /* ViewController.swift in Sources */,
				65F9D4CE21FD78BF000C11A4 /* _14_UICollectionView.xcdatamodeld in Sources */,
				65F9D4C621FD78BF000C11A4 /* AppDelegate.swift in Sources */,
			);
			runOnlyForDeploymentPostprocessing = 0;
		};
		65F9D4D521FD78C0000C11A4 /* Sources */ = {
			isa = PBXSourcesBuildPhase;
			buildActionMask = 2147483647;
			files = (
				65F9D4DE21FD78C0000C11A4 /* _14_UICollectionViewTests.swift in Sources */,
			);
			runOnlyForDeploymentPostprocessing = 0;
		};
		65F9D4E021FD78C0000C11A4 /* Sources */ = {
			isa = PBXSourcesBuildPhase;
			buildActionMask = 2147483647;
			files = (
				65F9D4E921FD78C0000C11A4 /* _14_UICollectionViewUITests.swift in Sources */,
			);
			runOnlyForDeploymentPostprocessing = 0;
		};
/* End PBXSourcesBuildPhase section */

/* Begin PBXTargetDependency section */
		65F9D4DB21FD78C0000C11A4 /* PBXTargetDependency */ = {
			isa = PBXTargetDependency;
			target = 65F9D4C121FD78BF000C11A4 /* 014-UICollectionView */;
			targetProxy = 65F9D4DA21FD78C0000C11A4 /* PBXContainerItemProxy */;
		};
		65F9D4E621FD78C0000C11A4 /* PBXTargetDependency */ = {
			isa = PBXTargetDependency;
			target = 65F9D4C121FD78BF000C11A4 /* 014-UICollectionView */;
			targetProxy = 65F9D4E521FD78C0000C11A4 /* PBXContainerItemProxy */;
		};
/* End PBXTargetDependency section */

/* Begin PBXVariantGroup section */
		65F9D4C921FD78BF000C11A4 /* Main.storyboard */ = {
			isa = PBXVariantGroup;
			children = (
				65F9D4CA21FD78BF000C11A4 /* Base */,
			);
			name = Main.storyboard;
			sourceTree = "<group>";
		};
		65F9D4D121FD78C0000C11A4 /* LaunchScreen.storyboard */ = {
			isa = PBXVariantGroup;
			children = (
				65F9D4D221FD78C0000C11A4 /* Base */,
			);
			name = LaunchScreen.storyboard;
			sourceTree = "<group>";
		};
/* End PBXVariantGroup section */

/* Begin XCBuildConfiguration section */
		65F9D4EB21FD78C0000C11A4 /* Debug */ = {
			isa = XCBuildConfiguration;
			buildSettings = {
				ALWAYS_SEARCH_USER_PATHS = NO;
				CLANG_ANALYZER_NONNULL = YES;
				CLANG_ANALYZER_NUMBER_OBJECT_CONVERSION = YES_AGGRESSIVE;
				CLANG_CXX_LANGUAGE_STANDARD = "gnu++14";
				CLANG_CXX_LIBRARY = "libc++";
				CLANG_ENABLE_MODULES = YES;
				CLANG_ENABLE_OBJC_ARC = YES;
				CLANG_ENABLE_OBJC_WEAK = YES;
				CLANG_WARN_BLOCK_CAPTURE_AUTORELEASING = YES;
				CLANG_WARN_BOOL_CONVERSION = YES;
				CLANG_WARN_COMMA = YES;
				CLANG_WARN_CONSTANT_CONVERSION = YES;
				CLANG_WARN_DEPRECATED_OBJC_IMPLEMENTATIONS = YES;
				CLANG_WARN_DIRECT_OBJC_ISA_USAGE = YES_ERROR;
				CLANG_WARN_DOCUMENTATION_COMMENTS = YES;
				CLANG_WARN_EMPTY_BODY = YES;
				CLANG_WARN_ENUM_CONVERSION = YES;
				CLANG_WARN_INFINITE_RECURSION = YES;
				CLANG_WARN_INT_CONVERSION = YES;
				CLANG_WARN_NON_LITERAL_NULL_CONVERSION = YES;
				CLANG_WARN_OBJC_IMPLICIT_RETAIN_SELF = YES;
				CLANG_WARN_OBJC_LITERAL_CONVERSION = YES;
				CLANG_WARN_OBJC_ROOT_CLASS = YES_ERROR;
				CLANG_WARN_RANGE_LOOP_ANALYSIS = YES;
				CLANG_WARN_STRICT_PROTOTYPES = YES;
				CLANG_WARN_SUSPICIOUS_MOVE = YES;
				CLANG_WARN_UNGUARDED_AVAILABILITY = YES_AGGRESSIVE;
				CLANG_WARN_UNREACHABLE_CODE = YES;
				CLANG_WARN__DUPLICATE_METHOD_MATCH = YES;
				CODE_SIGN_IDENTITY = "iPhone Developer";
				COPY_PHASE_STRIP = NO;
				DEBUG_INFORMATION_FORMAT = dwarf;
				ENABLE_STRICT_OBJC_MSGSEND = YES;
				ENABLE_TESTABILITY = YES;
				GCC_C_LANGUAGE_STANDARD = gnu11;
				GCC_DYNAMIC_NO_PIC = NO;
				GCC_NO_COMMON_BLOCKS = YES;
				GCC_OPTIMIZATION_LEVEL = 0;
				GCC_PREPROCESSOR_DEFINITIONS = (
					"DEBUG=1",
					"$(inherited)",
				);
				GCC_WARN_64_TO_32_BIT_CONVERSION = YES;
				GCC_WARN_ABOUT_RETURN_TYPE = YES_ERROR;
				GCC_WARN_UNDECLARED_SELECTOR = YES;
				GCC_WARN_UNINITIALIZED_AUTOS = YES_AGGRESSIVE;
				GCC_WARN_UNUSED_FUNCTION = YES;
				GCC_WARN_UNUSED_VARIABLE = YES;
				IPHONEOS_DEPLOYMENT_TARGET = 12.1;
				MTL_ENABLE_DEBUG_INFO = INCLUDE_SOURCE;
				MTL_FAST_MATH = YES;
				ONLY_ACTIVE_ARCH = YES;
				SDKROOT = iphoneos;
				SWIFT_ACTIVE_COMPILATION_CONDITIONS = DEBUG;
				SWIFT_OPTIMIZATION_LEVEL = "-Onone";
			};
			name = Debug;
		};
		65F9D4EC21FD78C0000C11A4 /* Release */ = {
			isa = XCBuildConfiguration;
			buildSettings = {
				ALWAYS_SEARCH_USER_PATHS = NO;
				CLANG_ANALYZER_NONNULL = YES;
				CLANG_ANALYZER_NUMBER_OBJECT_CONVERSION = YES_AGGRESSIVE;
				CLANG_CXX_LANGUAGE_STANDARD = "gnu++14";
				CLANG_CXX_LIBRARY = "libc++";
				CLANG_ENABLE_MODULES = YES;
				CLANG_ENABLE_OBJC_ARC = YES;
				CLANG_ENABLE_OBJC_WEAK = YES;
				CLANG_WARN_BLOCK_CAPTURE_AUTORELEASING = YES;
				CLANG_WARN_BOOL_CONVERSION = YES;
				CLANG_WARN_COMMA = YES;
				CLANG_WARN_CONSTANT_CONVERSION = YES;
				CLANG_WARN_DEPRECATED_OBJC_IMPLEMENTATIONS = YES;
				CLANG_WARN_DIRECT_OBJC_ISA_USAGE = YES_ERROR;
				CLANG_WARN_DOCUMENTATION_COMMENTS = YES;
				CLANG_WARN_EMPTY_BODY = YES;
				CLANG_WARN_ENUM_CONVERSION = YES;
				CLANG_WARN_INFINITE_RECURSION = YES;
				CLANG_WARN_INT_CONVERSION = YES;
				CLANG_WARN_NON_LITERAL_NULL_CONVERSION = YES;
				CLANG_WARN_OBJC_IMPLICIT_RETAIN_SELF = YES;
				CLANG_WARN_OBJC_LITERAL_CONVERSION = YES;
				CLANG_WARN_OBJC_ROOT_CLASS = YES_ERROR;
				CLANG_WARN_RANGE_LOOP_ANALYSIS = YES;
				CLANG_WARN_STRICT_PROTOTYPES = YES;
				CLANG_WARN_SUSPICIOUS_MOVE = YES;
				CLANG_WARN_UNGUARDED_AVAILABILITY = YES_AGGRESSIVE;
				CLANG_WARN_UNREACHABLE_CODE = YES;
				CLANG_WARN__DUPLICATE_METHOD_MATCH = YES;
				CODE_SIGN_IDENTITY = "iPhone Developer";
				COPY_PHASE_STRIP = NO;
				DEBUG_INFORMATION_FORMAT = "dwarf-with-dsym";
				ENABLE_NS_ASSERTIONS = NO;
				ENABLE_STRICT_OBJC_MSGSEND = YES;
				GCC_C_LANGUAGE_STANDARD = gnu11;
				GCC_NO_COMMON_BLOCKS = YES;
				GCC_WARN_64_TO_32_BIT_CONVERSION = YES;
				GCC_WARN_ABOUT_RETURN_TYPE = YES_ERROR;
				GCC_WARN_UNDECLARED_SELECTOR = YES;
				GCC_WARN_UNINITIALIZED_AUTOS = YES_AGGRESSIVE;
				GCC_WARN_UNUSED_FUNCTION = YES;
				GCC_WARN_UNUSED_VARIABLE = YES;
				IPHONEOS_DEPLOYMENT_TARGET = 12.1;
				MTL_ENABLE_DEBUG_INFO = NO;
				MTL_FAST_MATH = YES;
				SDKROOT = iphoneos;
				SWIFT_COMPILATION_MODE = wholemodule;
				SWIFT_OPTIMIZATION_LEVEL = "-O";
				VALIDATE_PRODUCT = YES;
			};
			name = Release;
		};
		65F9D4EE21FD78C0000C11A4 /* Debug */ = {
			isa = XCBuildConfiguration;
			buildSettings = {
				ASSETCATALOG_COMPILER_APPICON_NAME = AppIcon;
				CODE_SIGN_STYLE = Automatic;
				DEVELOPMENT_TEAM = 53PS5EVPS7;
				INFOPLIST_FILE = "014-UICollectionView/Info.plist";
				LD_RUNPATH_SEARCH_PATHS = (
					"$(inherited)",
					"@executable_path/Frameworks",
				);
				PRODUCT_BUNDLE_IDENTIFIER = "com.ihuxu.ios.swift.learning.9cc1852b.-14-UICollectionView";
				PRODUCT_NAME = "$(TARGET_NAME)";
				SWIFT_VERSION = 4.2;
				TARGETED_DEVICE_FAMILY = "1,2";
			};
			name = Debug;
		};
		65F9D4EF21FD78C0000C11A4 /* Release */ = {
			isa = XCBuildConfiguration;
			buildSettings = {
				ASSETCATALOG_COMPILER_APPICON_NAME = AppIcon;
				CODE_SIGN_STYLE = Automatic;
				DEVELOPMENT_TEAM = 53PS5EVPS7;
				INFOPLIST_FILE = "014-UICollectionView/Info.plist";
				LD_RUNPATH_SEARCH_PATHS = (
					"$(inherited)",
					"@executable_path/Frameworks",
				);
				PRODUCT_BUNDLE_IDENTIFIER = "com.ihuxu.ios.swift.learning.9cc1852b.-14-UICollectionView";
				PRODUCT_NAME = "$(TARGET_NAME)";
				SWIFT_VERSION = 4.2;
				TARGETED_DEVICE_FAMILY = "1,2";
			};
			name = Release;
		};
		65F9D4F121FD78C0000C11A4 /* Debug */ = {
			isa = XCBuildConfiguration;
			buildSettings = {
				ALWAYS_EMBED_SWIFT_STANDARD_LIBRARIES = YES;
				BUNDLE_LOADER = "$(TEST_HOST)";
				CODE_SIGN_STYLE = Automatic;
				INFOPLIST_FILE = "014-UICollectionViewTests/Info.plist";
				LD_RUNPATH_SEARCH_PATHS = (
					"$(inherited)",
					"@executable_path/Frameworks",
					"@loader_path/Frameworks",
				);
				PRODUCT_BUNDLE_IDENTIFIER = "com.ihuxu.ios.swift.learning.9cc1852b.-14-UICollectionViewTests";
				PRODUCT_NAME = "$(TARGET_NAME)";
				SWIFT_VERSION = 4.2;
				TARGETED_DEVICE_FAMILY = "1,2";
				TEST_HOST = "$(BUILT_PRODUCTS_DIR)/014-UICollectionView.app/014-UICollectionView";
			};
			name = Debug;
		};
		65F9D4F221FD78C0000C11A4 /* Release */ = {
			isa = XCBuildConfiguration;
			buildSettings = {
				ALWAYS_EMBED_SWIFT_STANDARD_LIBRARIES = YES;
				BUNDLE_LOADER = "$(TEST_HOST)";
				CODE_SIGN_STYLE = Automatic;
				INFOPLIST_FILE = "014-UICollectionViewTests/Info.plist";
				LD_RUNPATH_SEARCH_PATHS = (
					"$(inherited)",
					"@executable_path/Frameworks",
					"@loader_path/Frameworks",
				);
				PRODUCT_BUNDLE_IDENTIFIER = "com.ihuxu.ios.swift.learning.9cc1852b.-14-UICollectionViewTests";
				PRODUCT_NAME = "$(TARGET_NAME)";
				SWIFT_VERSION = 4.2;
				TARGETED_DEVICE_FAMILY = "1,2";
				TEST_HOST = "$(BUILT_PRODUCTS_DIR)/014-UICollectionView.app/014-UICollectionView";
			};
			name = Release;
		};
		65F9D4F421FD78C0000C11A4 /* Debug */ = {
			isa = XCBuildConfiguration;
			buildSettings = {
				ALWAYS_EMBED_SWIFT_STANDARD_LIBRARIES = YES;
				CODE_SIGN_STYLE = Automatic;
				INFOPLIST_FILE = "014-UICollectionViewUITests/Info.plist";
				LD_RUNPATH_SEARCH_PATHS = (
					"$(inherited)",
					"@executable_path/Frameworks",
					"@loader_path/Frameworks",
				);
				PRODUCT_BUNDLE_IDENTIFIER = "com.ihuxu.ios.swift.learning.9cc1852b.-14-UICollectionViewUITests";
				PRODUCT_NAME = "$(TARGET_NAME)";
				SWIFT_VERSION = 4.2;
				TARGETED_DEVICE_FAMILY = "1,2";
				TEST_TARGET_NAME = "014-UICollectionView";
			};
			name = Debug;
		};
		65F9D4F521FD78C0000C11A4 /* Release */ = {
			isa = XCBuildConfiguration;
			buildSettings = {
				ALWAYS_EMBED_SWIFT_STANDARD_LIBRARIES = YES;
				CODE_SIGN_STYLE = Automatic;
				INFOPLIST_FILE = "014-UICollectionViewUITests/Info.plist";
				LD_RUNPATH_SEARCH_PATHS = (
					"$(inherited)",
					"@executable_path/Frameworks",
					"@loader_path/Frameworks",
				);
				PRODUCT_BUNDLE_IDENTIFIER = "com.ihuxu.ios.swift.learning.9cc1852b.-14-UICollectionViewUITests";
				PRODUCT_NAME = "$(TARGET_NAME)";
				SWIFT_VERSION = 4.2;
				TARGETED_DEVICE_FAMILY = "1,2";
				TEST_TARGET_NAME = "014-UICollectionView";
			};
			name = Release;
		};
/* End XCBuildConfiguration section */

/* Begin XCConfigurationList section */
		65F9D4BD21FD78BF000C11A4 /* Build configuration list for PBXProject "014-UICollectionView" */ = {
			isa = XCConfigurationList;
			buildConfigurations = (
				65F9D4EB21FD78C0000C11A4 /* Debug */,
				65F9D4EC21FD78C0000C11A4 /* Release */,
			);
			defaultConfigurationIsVisible = 0;
			defaultConfigurationName = Release;
		};
		65F9D4ED21FD78C0000C11A4 /* Build configuration list for PBXNativeTarget "014-UICollectionView" */ = {
			isa = XCConfigurationList;
			buildConfigurations = (
				65F9D4EE21FD78C0000C11A4 /* Debug */,
				65F9D4EF21FD78C0000C11A4 /* Release */,
			);
			defaultConfigurationIsVisible = 0;
			defaultConfigurationName = Release;
		};
		65F9D4F021FD78C0000C11A4 /* Build configuration list for PBXNativeTarget "014-UICollectionViewTests" */ = {
			isa = XCConfigurationList;
			buildConfigurations = (
				65F9D4F121FD78C0000C11A4 /* Debug */,
				65F9D4F221FD78C0000C11A4 /* Release */,
			);
			defaultConfigurationIsVisible = 0;
			defaultConfigurationName = Release;
		};
		65F9D4F321FD78C0000C11A4 /* Build configuration list for PBXNativeTarget "014-UICollectionViewUITests" */ = {
			isa = XCConfigurationList;
			buildConfigurations = (
				65F9D4F421FD78C0000C11A4 /* Debug */,
				65F9D4F521FD78C0000C11A4 /* Release */,
			);
			defaultConfigurationIsVisible = 0;
			defaultConfigurationName = Release;
		};
/* End XCConfigurationList section */

/* Begin XCVersionGroup section */
		65F9D4CC21FD78BF000C11A4 /* _14_UICollectionView.xcdatamodeld */ = {
			isa = XCVersionGroup;
			children = (
				65F9D4CD21FD78BF000C11A4 /* _14_UICollectionView.xcdatamodel */,
			);
			currentVersion = 65F9D4CD21FD78BF000C11A4 /* _14_UICollectionView.xcdatamodel */;
			path = _14_UICollectionView.xcdatamodeld;
			sourceTree = "<group>";
			versionGroupType = wrapper.xcdatamodel;
		};
/* End XCVersionGroup section */
	};
	rootObject = 65F9D4BA21FD78BF000C11A4 /* Project object */;
}
